version: 6
environments:
  default:
    channels:
    - url: https://conda.anaconda.org/conda-forge/
    indexes:
    - https://pypi.org/simple
    options:
      pypi-prerelease-mode: if-necessary-or-explicit
    packages:
      osx-arm64:
      - conda: https://conda.anaconda.org/conda-forge/osx-arm64/bzip2-1.0.8-hd037594_8.conda
      - conda: https://conda.anaconda.org/conda-forge/osx-arm64/c-ares-1.34.6-hc919400_0.conda
      - conda: https://conda.anaconda.org/conda-forge/noarch/ca-certificates-2026.1.4-hbd8a1cb_0.conda
      - conda: https://conda.anaconda.org/conda-forge/osx-arm64/cairo-1.18.4-he0f2337_1.conda
      - conda: https://conda.anaconda.org/conda-forge/osx-arm64/cmake-4.2.3-h8cb302d_0.conda
      - conda: https://conda.anaconda.org/conda-forge/osx-arm64/cxxopts-2.2.1-hc021e02_1.tar.bz2
      - conda: https://conda.anaconda.org/conda-forge/osx-arm64/cyrus-sasl-2.1.28-ha1cbb27_0.conda
      - conda: https://conda.anaconda.org/conda-forge/osx-arm64/doctest-2.4.12-ha393de7_0.conda
      - conda: https://conda.anaconda.org/conda-forge/osx-arm64/double-conversion-3.4.0-haf25636_0.conda
      - conda: https://conda.anaconda.org/conda-forge/noarch/font-ttf-dejavu-sans-mono-2.37-hab24e00_0.tar.bz2
      - conda: https://conda.anaconda.org/conda-forge/noarch/font-ttf-inconsolata-3.000-h77eed37_0.tar.bz2
      - conda: https://conda.anaconda.org/conda-forge/noarch/font-ttf-source-code-pro-2.038-h77eed37_0.tar.bz2
      - conda: https://conda.anaconda.org/conda-forge/noarch/font-ttf-ubuntu-0.83-h77eed37_3.conda
      - conda: https://conda.anaconda.org/conda-forge/osx-arm64/fontconfig-2.15.0-h1383a14_1.conda
      - conda: https://conda.anaconda.org/conda-forge/noarch/fonts-conda-ecosystem-1-0.tar.bz2
      - conda: https://conda.anaconda.org/conda-forge/noarch/fonts-conda-forge-1-hc364b38_1.conda
      - conda: https://conda.anaconda.org/conda-forge/osx-arm64/freetype-2.14.1-hce30654_0.conda
      - conda: https://conda.anaconda.org/conda-forge/osx-arm64/glfw-3.4-hc919400_1.conda
      - conda: https://conda.anaconda.org/conda-forge/osx-arm64/graphite2-1.3.14-hec049ff_2.conda
      - conda: https://conda.anaconda.org/conda-forge/osx-arm64/harfbuzz-12.3.2-h3103d1b_0.conda
      - conda: https://conda.anaconda.org/conda-forge/osx-arm64/icu-78.2-h38cb7af_0.conda
      - conda: https://conda.anaconda.org/conda-forge/osx-arm64/krb5-1.21.3-h237132a_0.conda
      - conda: https://conda.anaconda.org/conda-forge/osx-arm64/lerc-4.0.0-hd64df32_1.conda
      - conda: https://conda.anaconda.org/conda-forge/osx-arm64/libboost-1.88.0-h0419b56_7.conda
      - conda: https://conda.anaconda.org/conda-forge/osx-arm64/libclang-cpp19.1-19.1.7-default_hf3020a7_7.conda
      - conda: https://conda.anaconda.org/conda-forge/osx-arm64/libclang13-21.1.8-default_h13b06bd_2.conda
      - conda: https://conda.anaconda.org/conda-forge/osx-arm64/libcurl-8.18.0-he38603e_0.conda
      - conda: https://conda.anaconda.org/conda-forge/osx-arm64/libcxx-21.1.8-hf598326_1.conda
      - conda: https://conda.anaconda.org/conda-forge/osx-arm64/libdeflate-1.25-hc11a715_0.conda
      - conda: https://conda.anaconda.org/conda-forge/osx-arm64/libedit-3.1.20250104-pl5321hafb1f1b_0.conda
      - conda: https://conda.anaconda.org/conda-forge/osx-arm64/libev-4.33-h93a5062_2.conda
      - conda: https://conda.anaconda.org/conda-forge/osx-arm64/libexpat-2.7.3-haf25636_0.conda
      - conda: https://conda.anaconda.org/conda-forge/osx-arm64/libffi-3.5.2-hcf2aa1b_0.conda
      - conda: https://conda.anaconda.org/conda-forge/osx-arm64/libfreetype-2.14.1-hce30654_0.conda
      - conda: https://conda.anaconda.org/conda-forge/osx-arm64/libfreetype6-2.14.1-h6da58f4_0.conda
      - conda: https://conda.anaconda.org/conda-forge/osx-arm64/libglib-2.86.3-hfe11c1f_0.conda
      - conda: https://conda.anaconda.org/conda-forge/osx-arm64/libhwloc-2.12.2-default_ha3cc4f2_1000.conda
      - conda: https://conda.anaconda.org/conda-forge/osx-arm64/libiconv-1.18-h23cfdf5_2.conda
      - conda: https://conda.anaconda.org/conda-forge/osx-arm64/libintl-0.25.1-h493aca8_0.conda
      - conda: https://conda.anaconda.org/conda-forge/osx-arm64/libjpeg-turbo-3.1.2-hc919400_0.conda
      - conda: https://conda.anaconda.org/conda-forge/osx-arm64/libllvm19-19.1.7-h8e0c9ce_2.conda
      - conda: https://conda.anaconda.org/conda-forge/osx-arm64/libllvm21-21.1.8-h8e0c9ce_0.conda
      - conda: https://conda.anaconda.org/conda-forge/osx-arm64/liblzma-5.8.2-h8088a28_0.conda
      - conda: https://conda.anaconda.org/conda-forge/osx-arm64/libnghttp2-1.67.0-hc438710_0.conda
      - conda: https://conda.anaconda.org/conda-forge/osx-arm64/libntlm-1.8-h5505292_0.conda
      - conda: https://conda.anaconda.org/conda-forge/osx-arm64/libopensubdiv-3.7.0-h0b5e12f_0.conda
      - conda: https://conda.anaconda.org/conda-forge/osx-arm64/libpng-1.6.54-h132b30e_0.conda
      - conda: https://conda.anaconda.org/conda-forge/osx-arm64/libpq-18.1-h6caddbb_3.conda
      - conda: https://conda.anaconda.org/conda-forge/osx-arm64/libsqlite-3.51.2-h1ae2325_0.conda
      - conda: https://conda.anaconda.org/conda-forge/osx-arm64/libssh2-1.11.1-h1590b86_0.conda
      - conda: https://conda.anaconda.org/conda-forge/osx-arm64/libtiff-4.7.1-h4030677_1.conda
      - conda: https://conda.anaconda.org/conda-forge/osx-arm64/libuv-1.51.0-h6caf38d_1.conda
      - conda: https://conda.anaconda.org/conda-forge/osx-arm64/libwebp-base-1.6.0-h07db88b_0.conda
      - conda: https://conda.anaconda.org/conda-forge/osx-arm64/libxml2-16-2.15.1-h5ef1a60_1.conda
      - conda: https://conda.anaconda.org/conda-forge/osx-arm64/libxml2-2.15.1-h8d039ee_1.conda
      - conda: https://conda.anaconda.org/conda-forge/osx-arm64/libxslt-1.1.43-hb2570ba_1.conda
      - conda: https://conda.anaconda.org/conda-forge/osx-arm64/libzlib-1.3.1-h8359307_2.conda
      - conda: https://conda.anaconda.org/conda-forge/osx-arm64/ncurses-6.5-h5e97a16_3.conda
      - conda: https://conda.anaconda.org/conda-forge/osx-arm64/ninja-1.13.2-h49c215f_0.conda
      - conda: https://conda.anaconda.org/conda-forge/osx-arm64/openldap-2.6.10-hbe55e7a_0.conda
      - conda: https://conda.anaconda.org/conda-forge/osx-arm64/openssl-3.6.1-hd24854e_1.conda
      - conda: https://conda.anaconda.org/conda-forge/osx-arm64/openusd-25.11-py311hbdc2681_2.conda
      - conda: https://conda.anaconda.org/conda-forge/osx-arm64/pcre2-10.47-h30297fc_0.conda
      - conda: https://conda.anaconda.org/conda-forge/osx-arm64/pixman-0.46.4-h81086ad_1.conda
      - conda: https://conda.anaconda.org/conda-forge/osx-arm64/pybind11-2.11.1-py311he4fd1f5_2.conda
      - conda: https://conda.anaconda.org/conda-forge/osx-arm64/pybind11-global-2.11.1-py311he4fd1f5_2.conda
      - conda: https://conda.anaconda.org/conda-forge/noarch/pyopengl-3.1.10-pyh534df25_2.conda
      - conda: https://conda.anaconda.org/conda-forge/osx-arm64/pyside6-6.10.2-py311he34751c_0.conda
      - conda: https://conda.anaconda.org/conda-forge/osx-arm64/python-3.11.14-h18782d2_3_cpython.conda
      - conda: https://conda.anaconda.org/conda-forge/noarch/python_abi-3.11-8_cp311.conda
      - conda: https://conda.anaconda.org/conda-forge/osx-arm64/qt6-main-6.10.2-h9aec236_4.conda
      - conda: https://conda.anaconda.org/conda-forge/osx-arm64/readline-8.3-h46df422_0.conda
      - conda: https://conda.anaconda.org/conda-forge/osx-arm64/rhash-1.4.6-h5505292_1.conda
      - conda: https://conda.anaconda.org/conda-forge/osx-arm64/tbb-2022.3.0-h4ddebb9_2.conda
      - conda: https://conda.anaconda.org/conda-forge/osx-arm64/tbb-devel-2022.3.0-h213eb51_2.conda
      - conda: https://conda.anaconda.org/conda-forge/osx-arm64/tk-8.6.13-h010d191_3.conda
      - conda: https://conda.anaconda.org/conda-forge/noarch/tzdata-2025c-hc9c84f9_1.conda
      - conda: https://conda.anaconda.org/conda-forge/osx-arm64/zstd-1.5.7-hbf9d68e_6.conda
      - pypi: ./
packages:
- conda: https://conda.anaconda.org/conda-forge/osx-arm64/bzip2-1.0.8-hd037594_8.conda
  sha256: b456200636bd5fecb2bec63f7e0985ad2097cf1b83d60ce0b6968dffa6d02aa1
  md5: 58fd217444c2a5701a44244faf518206
  depends:
  - __osx >=11.0
  license: bzip2-1.0.6
  license_family: BSD
  purls: []
  size: 125061
  timestamp: 1757437486465
- conda: https://conda.anaconda.org/conda-forge/osx-arm64/c-ares-1.34.6-hc919400_0.conda
  sha256: 2995f2aed4e53725e5efbc28199b46bf311c3cab2648fc4f10c2227d6d5fa196
  md5: bcb3cba70cf1eec964a03b4ba7775f01
  depends:
  - __osx >=11.0
  license: MIT
  license_family: MIT
  purls: []
  size: 180327
  timestamp: 1765215064054
- conda: https://conda.anaconda.org/conda-forge/noarch/ca-certificates-2026.1.4-hbd8a1cb_0.conda
  sha256: b5974ec9b50e3c514a382335efa81ed02b05906849827a34061c496f4defa0b2
  md5: bddacf101bb4dd0e51811cb69c7790e2
  depends:
  - __unix
  license: ISC
  purls: []
  size: 146519
  timestamp: 1767500828366
- conda: https://conda.anaconda.org/conda-forge/osx-arm64/cairo-1.18.4-he0f2337_1.conda
  sha256: cde9b79ee206fe3ba6ca2dc5906593fb7a1350515f85b2a1135a4ce8ec1539e3
  md5: 36200ecfbbfbcb82063c87725434161f
  depends:
  - __osx >=11.0
  - fontconfig >=2.15.0,<3.0a0
  - fonts-conda-ecosystem
  - icu >=78.1,<79.0a0
  - libcxx >=19
  - libexpat >=2.7.3,<3.0a0
  - libfreetype >=2.14.1
  - libfreetype6 >=2.14.1
  - libglib >=2.86.3,<3.0a0
  - libpng >=1.6.53,<1.7.0a0
  - libzlib >=1.3.1,<2.0a0
  - pixman >=0.46.4,<1.0a0
  license: LGPL-2.1-only or MPL-1.1
  purls: []
  size: 900035
  timestamp: 1766416416791
- conda: https://conda.anaconda.org/conda-forge/osx-arm64/cmake-4.2.3-h8cb302d_0.conda
  sha256: 2c82056fe8e64f9a1a063d698339303bfe0e748ea7a98361f26764f5ad9763c7
  md5: 2d193643af6996480fd16a8a4f3e2366
  depends:
  - __osx >=11.0
  - bzip2 >=1.0.8,<2.0a0
  - libcurl >=8.18.0,<9.0a0
  - libcxx >=19
  - libexpat >=2.7.3,<3.0a0
  - liblzma >=5.8.2,<6.0a0
  - libuv >=1.51.0,<2.0a0
  - libzlib >=1.3.1,<2.0a0
  - ncurses >=6.5,<7.0a0
  - rhash >=1.4.6,<2.0a0
  - zstd >=1.5.7,<1.6.0a0
  license: BSD-3-Clause
  license_family: BSD
  purls: []
  size: 17757212
  timestamp: 1769598999605
- conda: https://conda.anaconda.org/conda-forge/osx-arm64/cxxopts-2.2.1-hc021e02_1.tar.bz2
  sha256: dc069d14fa67bebba7967fa1addfc34a6eae039d92c4a3c1c99cffe0e7c67e60
  md5: 1906bb41b9af928e358a8475196748a8
  license: MIT
  license_family: MIT
  purls: []
  size: 15889
  timestamp: 1639127139
- conda: https://conda.anaconda.org/conda-forge/osx-arm64/cyrus-sasl-2.1.28-ha1cbb27_0.conda
  sha256: 7de03254fa5421e7ec2347c830a59530fb5356022ee0dc26ec1cef0be1de0911
  md5: 2867ea6551e97e53a81787fd967162b1
  depends:
  - __osx >=11.0
  - krb5 >=1.21.3,<1.22.0a0
  - libcxx >=18
  - libntlm >=1.8,<2.0a0
  - openssl >=3.5.0,<4.0a0
  license: BSD-3-Clause-Attribution
  license_family: BSD
  purls: []
  size: 193732
  timestamp: 1750239236574
- conda: https://conda.anaconda.org/conda-forge/osx-arm64/doctest-2.4.12-ha393de7_0.conda
  sha256: 287afe071fe6f4d1ea51c2f3280f1e2529c0f1484ae92e6192a410e88697d195
  md5: 59240a8246b43f0ee053233717359dbf
  depends:
  - __osx >=11.0
  - libcxx >=18
  license: MIT
  license_family: MIT
  purls: []
  size: 69911
  timestamp: 1746465124653
- conda: https://conda.anaconda.org/conda-forge/osx-arm64/double-conversion-3.4.0-haf25636_0.conda
  sha256: db030ff5dbfd444dfdb239244f589d688e9b81dd46f856ea6e0ed3276ba0b607
  md5: 461a798aafdd1bddb1538d1aa22d6068
  depends:
  - __osx >=11.0
  - libcxx >=19
  license: BSD-3-Clause
  license_family: BSD
  purls: []
  size: 64431
  timestamp: 1765193481660
- conda: https://conda.anaconda.org/conda-forge/noarch/font-ttf-dejavu-sans-mono-2.37-hab24e00_0.tar.bz2
  sha256: 58d7f40d2940dd0a8aa28651239adbf5613254df0f75789919c4e6762054403b
  md5: 0c96522c6bdaed4b1566d11387caaf45
  license: BSD-3-Clause
  license_family: BSD
  purls: []
  size: 397370
  timestamp: 1566932522327
- conda: https://conda.anaconda.org/conda-forge/noarch/font-ttf-inconsolata-3.000-h77eed37_0.tar.bz2
  sha256: c52a29fdac682c20d252facc50f01e7c2e7ceac52aa9817aaf0bb83f7559ec5c
  md5: 34893075a5c9e55cdafac56607368fc6
  license: OFL-1.1
  license_family: Other
  purls: []
  size: 96530
  timestamp: 1620479909603
- conda: https://conda.anaconda.org/conda-forge/noarch/font-ttf-source-code-pro-2.038-h77eed37_0.tar.bz2
  sha256: 00925c8c055a2275614b4d983e1df637245e19058d79fc7dd1a93b8d9fb4b139
  md5: 4d59c254e01d9cde7957100457e2d5fb
  license: OFL-1.1
  license_family: Other
  purls: []
  size: 700814
  timestamp: 1620479612257
- conda: https://conda.anaconda.org/conda-forge/noarch/font-ttf-ubuntu-0.83-h77eed37_3.conda
  sha256: 2821ec1dc454bd8b9a31d0ed22a7ce22422c0aef163c59f49dfdf915d0f0ca14
  md5: 49023d73832ef61042f6a237cb2687e7
  license: LicenseRef-Ubuntu-Font-Licence-Version-1.0
  license_family: Other
  purls: []
  size: 1620504
  timestamp: 1727511233259
- conda: https://conda.anaconda.org/conda-forge/osx-arm64/fontconfig-2.15.0-h1383a14_1.conda
  sha256: f79d3d816fafbd6a2b0f75ebc3251a30d3294b08af9bb747194121f5efa364bc
  md5: 7b29f48742cea5d1ccb5edd839cb5621
  depends:
  - __osx >=11.0
  - freetype >=2.12.1,<3.0a0
  - libexpat >=2.6.3,<3.0a0
  - libzlib >=1.3.1,<2.0a0
  license: MIT
  license_family: MIT
  purls: []
  size: 234227
  timestamp: 1730284037572
- conda: https://conda.anaconda.org/conda-forge/noarch/fonts-conda-ecosystem-1-0.tar.bz2
  sha256: a997f2f1921bb9c9d76e6fa2f6b408b7fa549edd349a77639c9fe7a23ea93e61
  md5: fee5683a3f04bd15cbd8318b096a27ab
  depends:
  - fonts-conda-forge
  license: BSD-3-Clause
  license_family: BSD
  purls: []
  size: 3667
  timestamp: 1566974674465
- conda: https://conda.anaconda.org/conda-forge/noarch/fonts-conda-forge-1-hc364b38_1.conda
  sha256: 54eea8469786bc2291cc40bca5f46438d3e062a399e8f53f013b6a9f50e98333
  md5: a7970cd949a077b7cb9696379d338681
  depends:
  - font-ttf-ubuntu
  - font-ttf-inconsolata
  - font-ttf-dejavu-sans-mono
  - font-ttf-source-code-pro
  license: BSD-3-Clause
  license_family: BSD
  purls: []
  size: 4059
  timestamp: 1762351264405
- conda: https://conda.anaconda.org/conda-forge/osx-arm64/freetype-2.14.1-hce30654_0.conda
  sha256: 14427aecd72e973a73d5f9dfd0e40b6bc3791d253de09b7bf233f6a9a190fd17
  md5: 1ec9a1ee7a2c9339774ad9bb6fe6caec
  depends:
  - libfreetype 2.14.1 hce30654_0
  - libfreetype6 2.14.1 h6da58f4_0
  license: GPL-2.0-only OR FTL
  purls: []
  size: 173399
  timestamp: 1757947175403
- conda: https://conda.anaconda.org/conda-forge/osx-arm64/glfw-3.4-hc919400_1.conda
  sha256: 1399137b5ca52e73760aeb98235247c90cd4cee43f946aaf39ed69f69a00a956
  md5: 77d80914f04ad95f9ed0338735986b95
  depends:
  - __osx >=11.0
  license: Zlib
  purls: []
  size: 113494
  timestamp: 1758809831689
- conda: https://conda.anaconda.org/conda-forge/osx-arm64/graphite2-1.3.14-hec049ff_2.conda
  sha256: c507ae9989dbea7024aa6feaebb16cbf271faac67ac3f0342ef1ab747c20475d
  md5: 0fc46fee39e88bbcf5835f71a9d9a209
  depends:
  - __osx >=11.0
  - libcxx >=19
  license: LGPL-2.0-or-later
  license_family: LGPL
  purls: []
  size: 81202
  timestamp: 1755102333712
- conda: https://conda.anaconda.org/conda-forge/osx-arm64/harfbuzz-12.3.2-h3103d1b_0.conda
  sha256: f68c6704610396012124a3d86b087581174c2cf7968a46b6d95ba84cd87063c7
  md5: d0af4858d81c0c7abddc6b71fd8c0340
  depends:
  - __osx >=11.0
  - cairo >=1.18.4,<2.0a0
  - graphite2 >=1.3.14,<2.0a0
  - icu >=78.2,<79.0a0
  - libcxx >=19
  - libexpat >=2.7.3,<3.0a0
  - libfreetype >=2.14.1
  - libfreetype6 >=2.14.1
  - libglib >=2.86.3,<3.0a0
  - libzlib >=1.3.1,<2.0a0
  license: MIT
  license_family: MIT
  purls: []
  size: 1441619
  timestamp: 1769446246348
- conda: https://conda.anaconda.org/conda-forge/osx-arm64/icu-78.2-h38cb7af_0.conda
  sha256: d4cefbca587429d1192509edc52c88de52bc96c2447771ddc1f8bee928aed5ef
  md5: 1e93aca311da0210e660d2247812fa02
  depends:
  - __osx >=11.0
  license: MIT
  license_family: MIT
  purls: []
  size: 12358010
  timestamp: 1767970350308
- conda: https://conda.anaconda.org/conda-forge/osx-arm64/krb5-1.21.3-h237132a_0.conda
  sha256: 4442f957c3c77d69d9da3521268cad5d54c9033f1a73f99cde0a3658937b159b
  md5: c6dc8a0fdec13a0565936655c33069a1
  depends:
  - __osx >=11.0
  - libcxx >=16
  - libedit >=3.1.20191231,<3.2.0a0
  - libedit >=3.1.20191231,<4.0a0
  - openssl >=3.3.1,<4.0a0
  license: MIT
  license_family: MIT
  purls: []
  size: 1155530
  timestamp: 1719463474401
- conda: https://conda.anaconda.org/conda-forge/osx-arm64/lerc-4.0.0-hd64df32_1.conda
  sha256: 12361697f8ffc9968907d1a7b5830e34c670e4a59b638117a2cdfed8f63a38f8
  md5: a74332d9b60b62905e3d30709df08bf1
  depends:
  - __osx >=11.0
  - libcxx >=18
  license: Apache-2.0
  license_family: Apache
  purls: []
  size: 188306
  timestamp: 1745264362794
- conda: https://conda.anaconda.org/conda-forge/osx-arm64/libboost-1.88.0-h0419b56_7.conda
  sha256: d3872915a43512b0404e131d965e6e8c1e2546b13ccfd2463ef72fbfe1456afc
  md5: 34e8ce0732bb254bd17f0b9ecea788c2
  depends:
  - __osx >=11.0
  - bzip2 >=1.0.8,<2.0a0
  - icu >=78.1,<79.0a0
  - libcxx >=19
  - liblzma >=5.8.1,<6.0a0
  - libzlib >=1.3.1,<2.0a0
  - zstd >=1.5.7,<1.6.0a0
  constrains:
  - boost-cpp <0.0a0
  license: BSL-1.0
  purls: []
  size: 1992135
  timestamp: 1766348005115
- conda: https://conda.anaconda.org/conda-forge/osx-arm64/libclang-cpp19.1-19.1.7-default_hf3020a7_7.conda
  sha256: 89b8aed26ef89c9e56939d1acefa91ecf2e198923bfcc41f116c0de42ce869cb
  md5: 5600ae1b88144099572939e773f4b20b
  depends:
  - __osx >=11.0
  - libcxx >=19.1.7
  - libllvm19 >=19.1.7,<19.2.0a0
  license: Apache-2.0 WITH LLVM-exception
  license_family: Apache
  purls: []
  size: 14062741
  timestamp: 1767957389675
- conda: https://conda.anaconda.org/conda-forge/osx-arm64/libclang13-21.1.8-default_h13b06bd_2.conda
  sha256: 6f351202357720bac1abf8799b81ca6ccf95c55fd9b91f0b4716326b50d4a39f
  md5: 7722bde3393900e61db99c2eb0028248
  depends:
  - __osx >=11.0
  - libcxx >=21.1.8
  - libllvm21 >=21.1.8,<21.2.0a0
  license: Apache-2.0 WITH LLVM-exception
  license_family: Apache
  purls: []
  size: 8516607
  timestamp: 1769308964077
- conda: https://conda.anaconda.org/conda-forge/osx-arm64/libcurl-8.18.0-he38603e_0.conda
  sha256: 11c78b3e89bc332933386f0a11ac60d9200afb7a811b9e3bec98aef8d4a6389b
  md5: 36190179a799f3aee3c2d20a8a2b970d
  depends:
  - __osx >=11.0
  - krb5 >=1.21.3,<1.22.0a0
  - libnghttp2 >=1.67.0,<2.0a0
  - libssh2 >=1.11.1,<2.0a0
  - libzlib >=1.3.1,<2.0a0
  - openssl >=3.5.4,<4.0a0
  - zstd >=1.5.7,<1.6.0a0
  license: curl
  license_family: MIT
  purls: []
  size: 402681
  timestamp: 1767822693908
- conda: https://conda.anaconda.org/conda-forge/osx-arm64/libcxx-21.1.8-hf598326_1.conda
  sha256: 3a924cbce92b0dceb5d392036e692bac1e60ae90d85c7c78264c672a205c007b
  md5: cd7367d0c0f49853f8f3560bfb4456ab
  depends:
  - __osx >=11.0
  license: Apache-2.0 WITH LLVM-exception
  license_family: Apache
  purls: []
  size: 570705
  timestamp: 1769754656112
- conda: https://conda.anaconda.org/conda-forge/osx-arm64/libdeflate-1.25-hc11a715_0.conda
  sha256: 5e0b6961be3304a5f027a8c00bd0967fc46ae162cffb7553ff45c70f51b8314c
  md5: a6130c709305cd9828b4e1bd9ba0000c
  depends:
  - __osx >=11.0
  license: MIT
  license_family: MIT
  purls: []
  size: 55420
  timestamp: 1761980066242
- conda: https://conda.anaconda.org/conda-forge/osx-arm64/libedit-3.1.20250104-pl5321hafb1f1b_0.conda
  sha256: 66aa216a403de0bb0c1340a88d1a06adaff66bae2cfd196731aa24db9859d631
  md5: 44083d2d2c2025afca315c7a172eab2b
  depends:
  - ncurses
  - __osx >=11.0
  - ncurses >=6.5,<7.0a0
  license: BSD-2-Clause
  license_family: BSD
  purls: []
  size: 107691
  timestamp: 1738479560845
- conda: https://conda.anaconda.org/conda-forge/osx-arm64/libev-4.33-h93a5062_2.conda
  sha256: 95cecb3902fbe0399c3a7e67a5bed1db813e5ab0e22f4023a5e0f722f2cc214f
  md5: 36d33e440c31857372a72137f78bacf5
  license: BSD-2-Clause
  license_family: BSD
  purls: []
  size: 107458
  timestamp: 1702146414478
- conda: https://conda.anaconda.org/conda-forge/osx-arm64/libexpat-2.7.3-haf25636_0.conda
  sha256: fce22610ecc95e6d149e42a42fbc3cc9d9179bd4eb6232639a60f06e080eec98
  md5: b79875dbb5b1db9a4a22a4520f918e1a
  depends:
  - __osx >=11.0
  constrains:
  - expat 2.7.3.*
  license: MIT
  license_family: MIT
  purls: []
  size: 67800
  timestamp: 1763549994166
- conda: https://conda.anaconda.org/conda-forge/osx-arm64/libffi-3.5.2-hcf2aa1b_0.conda
  sha256: 6686a26466a527585e6a75cc2a242bf4a3d97d6d6c86424a441677917f28bec7
  md5: 43c04d9cb46ef176bb2a4c77e324d599
  depends:
  - __osx >=11.0
  license: MIT
  license_family: MIT
  purls: []
  size: 40979
  timestamp: 1769456747661
- conda: https://conda.anaconda.org/conda-forge/osx-arm64/libfreetype-2.14.1-hce30654_0.conda
  sha256: 9de25a86066f078822d8dd95a83048d7dc2897d5d655c0e04a8a54fca13ef1ef
  md5: f35fb38e89e2776994131fbf961fa44b
  depends:
  - libfreetype6 >=2.14.1
  license: GPL-2.0-only OR FTL
  purls: []
  size: 7810
  timestamp: 1757947168537
- conda: https://conda.anaconda.org/conda-forge/osx-arm64/libfreetype6-2.14.1-h6da58f4_0.conda
  sha256: cc4aec4c490123c0f248c1acd1aeab592afb6a44b1536734e20937cda748f7cd
  md5: 6d4ede03e2a8e20eb51f7f681d2a2550
  depends:
  - __osx >=11.0
  - libpng >=1.6.50,<1.7.0a0
  - libzlib >=1.3.1,<2.0a0
  constrains:
  - freetype >=2.14.1
  license: GPL-2.0-only OR FTL
  purls: []
  size: 346703
  timestamp: 1757947166116
- conda: https://conda.anaconda.org/conda-forge/osx-arm64/libglib-2.86.3-hfe11c1f_0.conda
  sha256: 801c1835aa35a4f6e45e2192ad668bd7238d95c90ef8f02c52ce859c20117285
  md5: 057c7247514048ebdaf89373b263ebee
  depends:
  - __osx >=11.0
  - libffi >=3.5.2,<3.6.0a0
  - libiconv >=1.18,<2.0a0
  - libintl >=0.25.1,<1.0a0
  - libzlib >=1.3.1,<2.0a0
  - pcre2 >=10.47,<10.48.0a0
  constrains:
  - glib 2.86.3 *_0
  license: LGPL-2.1-or-later
  purls: []
  size: 3670602
  timestamp: 1765223125237
- conda: https://conda.anaconda.org/conda-forge/osx-arm64/libhwloc-2.12.2-default_ha3cc4f2_1000.conda
  sha256: 4d03bb9bc0a813cf5e24f07e6adec3c42df2c9c36e226b71cb1dc6c7868c7d90
  md5: 38b8aa4ea25d313ad951bcb7d3cd0ad3
  depends:
  - __osx >=11.0
  - libcxx >=19
  - libxml2
  - libxml2-16 >=2.14.6
  license: BSD-3-Clause
  license_family: BSD
  purls: []
  size: 2356224
  timestamp: 1765104113197
- conda: https://conda.anaconda.org/conda-forge/osx-arm64/libiconv-1.18-h23cfdf5_2.conda
  sha256: de0336e800b2af9a40bdd694b03870ac4a848161b35c8a2325704f123f185f03
  md5: 4d5a7445f0b25b6a3ddbb56e790f5251
  depends:
  - __osx >=11.0
  license: LGPL-2.1-only
  purls: []
  size: 750379
  timestamp: 1754909073836
- conda: https://conda.anaconda.org/conda-forge/osx-arm64/libintl-0.25.1-h493aca8_0.conda
  sha256: 99d2cebcd8f84961b86784451b010f5f0a795ed1c08f1e7c76fbb3c22abf021a
  md5: 5103f6a6b210a3912faf8d7db516918c
  depends:
  - __osx >=11.0
  - libiconv >=1.18,<2.0a0
  license: LGPL-2.1-or-later
  purls: []
  size: 90957
  timestamp: 1751558394144
- conda: https://conda.anaconda.org/conda-forge/osx-arm64/libjpeg-turbo-3.1.2-hc919400_0.conda
  sha256: 6c061c56058bb10374daaef50e81b39cf43e8aee21f0037022c0c39c4f31872f
  md5: f0695fbecf1006f27f4395d64bd0c4b8
  depends:
  - __osx >=11.0
  constrains:
  - jpeg <0.0.0a
  license: IJG AND BSD-3-Clause AND Zlib
  purls: []
  size: 551197
  timestamp: 1762095054358
- conda: https://conda.anaconda.org/conda-forge/osx-arm64/libllvm19-19.1.7-h8e0c9ce_2.conda
  sha256: 46f8ff3d86438c0af1bebe0c18261ce5de9878d58b4fe399a3a125670e4f0af5
  md5: d1d9b233830f6631800acc1e081a9444
  depends:
  - __osx >=11.0
  - libcxx >=19
  - libxml2
  - libxml2-16 >=2.14.5
  - libzlib >=1.3.1,<2.0a0
  - zstd >=1.5.7,<1.6.0a0
  license: Apache-2.0 WITH LLVM-exception
  license_family: Apache
  purls: []
  size: 26914852
  timestamp: 1757353228286
- conda: https://conda.anaconda.org/conda-forge/osx-arm64/libllvm21-21.1.8-h8e0c9ce_0.conda
  sha256: 3f4512155aca799a25937f9ee794490794fb33f8f90a5e6532d8be869e7d79a0
  md5: 8fc5b2387a7907cd58805668dad3b70f
  depends:
  - __osx >=11.0
  - libcxx >=19
  - libxml2
  - libxml2-16 >=2.14.6
  - libzlib >=1.3.1,<2.0a0
  - zstd >=1.5.7,<1.6.0a0
  license: Apache-2.0 WITH LLVM-exception
  license_family: Apache
  purls: []
  size: 29398498
  timestamp: 1765924904821
- conda: https://conda.anaconda.org/conda-forge/osx-arm64/liblzma-5.8.2-h8088a28_0.conda
  sha256: 7bfc7ffb2d6a9629357a70d4eadeadb6f88fa26ebc28f606b1c1e5e5ed99dc7e
  md5: 009f0d956d7bfb00de86901d16e486c7
  depends:
  - __osx >=11.0
  constrains:
  - xz 5.8.2.*
  license: 0BSD
  purls: []
  size: 92242
  timestamp: 1768752982486
- conda: https://conda.anaconda.org/conda-forge/osx-arm64/libnghttp2-1.67.0-hc438710_0.conda
  sha256: a07cb53b5ffa2d5a18afc6fd5a526a5a53dd9523fbc022148bd2f9395697c46d
  md5: a4b4dd73c67df470d091312ab87bf6ae
  depends:
  - __osx >=11.0
  - c-ares >=1.34.5,<2.0a0
  - libcxx >=19
  - libev >=4.33,<4.34.0a0
  - libev >=4.33,<5.0a0
  - libzlib >=1.3.1,<2.0a0
  - openssl >=3.5.2,<4.0a0
  license: MIT
  license_family: MIT
  purls: []
  size: 575454
  timestamp: 1756835746393
- conda: https://conda.anaconda.org/conda-forge/osx-arm64/libntlm-1.8-h5505292_0.conda
  sha256: ea8c680924d957e12270dca549620327d5e986f23c4bd5f45627167ca6ef7a3b
  md5: c90c1d3bd778f5ec0d4bb4ef36cbd5b6
  depends:
  - __osx >=11.0
  license: LGPL-2.1-or-later
  purls: []
  size: 31099
  timestamp: 1734670168822
- conda: https://conda.anaconda.org/conda-forge/osx-arm64/libopensubdiv-3.7.0-h0b5e12f_0.conda
  sha256: 6c7319201fad463a88c03b375eb940356688d38f7bf121df73c0d8a250558550
  md5: 31edb0d86a53323bfc99559e12e44e24
  depends:
  - __osx >=11.0
  - libcxx >=19
  - tbb >=2022.3.0
  license: Pixar
  purls: []
  size: 599350
  timestamp: 1764538116865
- conda: https://conda.anaconda.org/conda-forge/osx-arm64/libpng-1.6.54-h132b30e_0.conda
  sha256: 1c271c0ec73b69f7570c5da67d0e47ddf7ff079bc1ca2dfaccd267ea39314b06
  md5: 1b80fd1eecb98f1cb7de4239f5d7dc15
  depends:
  - __osx >=11.0
  - libzlib >=1.3.1,<2.0a0
  license: zlib-acknowledgement
  purls: []
  size: 288910
  timestamp: 1768285694469
- conda: https://conda.anaconda.org/conda-forge/osx-arm64/libpq-18.1-h6caddbb_3.conda
  sha256: 62f327098b95ec6bfeb6f03664872f00ab7ca8dccca473801fba55efbcb52323
  md5: d38c587f335f648a51263457b2abed06
  depends:
  - __osx >=11.0
  - icu >=78.1,<79.0a0
  - krb5 >=1.21.3,<1.22.0a0
  - openldap >=2.6.10,<2.7.0a0
  - openssl >=3.5.4,<4.0a0
  license: PostgreSQL
  purls: []
  size: 2687164
  timestamp: 1766448544720
- conda: https://conda.anaconda.org/conda-forge/osx-arm64/libsqlite-3.51.2-h1ae2325_0.conda
  sha256: 6e9b9f269732cbc4698c7984aa5b9682c168e2a8d1e0406e1ff10091ca046167
  md5: 4b0bf313c53c3e89692f020fb55d5f2c
  depends:
  - __osx >=11.0
  - icu >=78.2,<79.0a0
  - libzlib >=1.3.1,<2.0a0
  license: blessing
  purls: []
  size: 909777
  timestamp: 1768148320535
- conda: https://conda.anaconda.org/conda-forge/osx-arm64/libssh2-1.11.1-h1590b86_0.conda
  sha256: 8bfe837221390ffc6f111ecca24fa12d4a6325da0c8d131333d63d6c37f27e0a
  md5: b68e8f66b94b44aaa8de4583d3d4cc40
  depends:
  - libzlib >=1.3.1,<2.0a0
  - openssl >=3.5.0,<4.0a0
  license: BSD-3-Clause
  license_family: BSD
  purls: []
  size: 279193
  timestamp: 1745608793272
- conda: https://conda.anaconda.org/conda-forge/osx-arm64/libtiff-4.7.1-h4030677_1.conda
  sha256: e9248077b3fa63db94caca42c8dbc6949c6f32f94d1cafad127f9005d9b1507f
  md5: e2a72ab2fa54ecb6abab2b26cde93500
  depends:
  - __osx >=11.0
  - lerc >=4.0.0,<5.0a0
  - libcxx >=19
  - libdeflate >=1.25,<1.26.0a0
  - libjpeg-turbo >=3.1.0,<4.0a0
  - liblzma >=5.8.1,<6.0a0
  - libwebp-base >=1.6.0,<2.0a0
  - libzlib >=1.3.1,<2.0a0
  - zstd >=1.5.7,<1.6.0a0
  license: HPND
  purls: []
  size: 373892
  timestamp: 1762022345545
- conda: https://conda.anaconda.org/conda-forge/osx-arm64/libuv-1.51.0-h6caf38d_1.conda
  sha256: 042c7488ad97a5629ec0a991a8b2a3345599401ecc75ad6a5af73b60e6db9689
  md5: c0d87c3c8e075daf1daf6c31b53e8083
  depends:
  - __osx >=11.0
  license: MIT
  license_family: MIT
  purls: []
  size: 421195
  timestamp: 1753948426421
- conda: https://conda.anaconda.org/conda-forge/osx-arm64/libwebp-base-1.6.0-h07db88b_0.conda
  sha256: a4de3f371bb7ada325e1f27a4ef7bcc81b2b6a330e46fac9c2f78ac0755ea3dd
  md5: e5e7d467f80da752be17796b87fe6385
  depends:
  - __osx >=11.0
  constrains:
  - libwebp 1.6.0
  license: BSD-3-Clause
  license_family: BSD
  purls: []
  size: 294974
  timestamp: 1752159906788
- conda: https://conda.anaconda.org/conda-forge/osx-arm64/libxml2-2.15.1-h8d039ee_1.conda
  sha256: 59f96fa27cce6a9a27414c5bb301eedda1a1b85cd0d8f5d68f77e46b86e7c95f
  md5: fd804ee851e20faca4fecc7df0901d07
  depends:
  - __osx >=11.0
  - icu >=78.1,<79.0a0
  - libiconv >=1.18,<2.0a0
  - liblzma >=5.8.1,<6.0a0
  - libxml2-16 2.15.1 h5ef1a60_1
  - libzlib >=1.3.1,<2.0a0
  license: MIT
  license_family: MIT
  purls: []
  size: 40607
  timestamp: 1766327501392
- conda: https://conda.anaconda.org/conda-forge/osx-arm64/libxml2-16-2.15.1-h5ef1a60_1.conda
  sha256: 2d5ab15113b0ba21f4656d387d26ab59e4fbaf3027f5e58a2a4fe370821eb106
  md5: 7eed1026708e26ee512f43a04d9d0027
  depends:
  - __osx >=11.0
  - icu >=78.1,<79.0a0
  - libiconv >=1.18,<2.0a0
  - liblzma >=5.8.1,<6.0a0
  - libzlib >=1.3.1,<2.0a0
  constrains:
  - libxml2 2.15.1
  license: MIT
  license_family: MIT
  purls: []
  size: 464886
  timestamp: 1766327479416
- conda: https://conda.anaconda.org/conda-forge/osx-arm64/libxslt-1.1.43-hb2570ba_1.conda
  sha256: 7a4d0676ab1407fecb24d4ada7fe31a98c8889f61f04612ea533599c22b8c472
  md5: 90f7ed12bb3c164c758131b3d3c2ab0c
  depends:
  - __osx >=11.0
  - libxml2
  - libxml2-16 >=2.14.6
  license: MIT
  license_family: MIT
  purls: []
  size: 220345
  timestamp: 1757964000982
- conda: https://conda.anaconda.org/conda-forge/osx-arm64/libzlib-1.3.1-h8359307_2.conda
  sha256: ce34669eadaba351cd54910743e6a2261b67009624dbc7daeeafdef93616711b
  md5: 369964e85dc26bfe78f41399b366c435
  depends:
  - __osx >=11.0
  constrains:
  - zlib 1.3.1 *_2
  license: Zlib
  license_family: Other
  purls: []
  size: 46438
  timestamp: 1727963202283
- conda: https://conda.anaconda.org/conda-forge/osx-arm64/ncurses-6.5-h5e97a16_3.conda
  sha256: 2827ada40e8d9ca69a153a45f7fd14f32b2ead7045d3bbb5d10964898fe65733
  md5: 068d497125e4bf8a66bf707254fff5ae
  depends:
  - __osx >=11.0
  license: X11 AND BSD-3-Clause
  purls: []
  size: 797030
  timestamp: 1738196177597
- conda: https://conda.anaconda.org/conda-forge/osx-arm64/ninja-1.13.2-h49c215f_0.conda
  sha256: 18d33c17b28d4771fc0b91b7b963c9ce31aca0a9af7dc8e9ee7c974bb207192c
  md5: 175809cc57b2c67f27a0f238bd7f069d
  depends:
  - __osx >=11.0
  - libcxx >=19
  license: Apache-2.0
  license_family: APACHE
  purls: []
  size: 164450
  timestamp: 1763688228613
- conda: https://conda.anaconda.org/conda-forge/osx-arm64/openldap-2.6.10-hbe55e7a_0.conda
  sha256: 08d859836b81296c16f74336c3a9a455b23d57ce1d7c2b0b3e1b7a07f984c677
  md5: 6fd5d73c63b5d37d9196efb4f044af76
  depends:
  - __osx >=11.0
  - cyrus-sasl >=2.1.27,<3.0a0
  - krb5 >=1.21.3,<1.22.0a0
  - libcxx >=18
  - openssl >=3.5.0,<4.0a0
  license: OLDAP-2.8
  license_family: BSD
  purls: []
  size: 843597
  timestamp: 1748010484231
- conda: https://conda.anaconda.org/conda-forge/osx-arm64/openssl-3.6.1-hd24854e_1.conda
  sha256: 361f5c5e60052abc12bdd1b50d7a1a43e6a6653aab99a2263bf2288d709dcf67
  md5: f4f6ad63f98f64191c3e77c5f5f29d76
  depends:
  - __osx >=11.0
  - ca-certificates
  license: Apache-2.0
  license_family: Apache
  purls: []
  size: 3104268
  timestamp: 1769556384749
- conda: https://conda.anaconda.org/conda-forge/osx-arm64/openusd-25.11-py311hbdc2681_2.conda
  sha256: dae34f26e6c6a31729de4eca32047cb23c6caa999dd6354e8628f8f174c391cb
  md5: efe6ffc3e6aaff0f707d90487f17c34e
  depends:
  - python
  - tbb-devel >=2022.3.0,<2022.4.0a0
  - pyside6
  - pyopengl
  - libcxx >=19
  - __osx >=11.0
  - python 3.11.* *_cpython
  - libopensubdiv >=3.7.0,<3.7.1.0a0
  - glfw >=3.4,<4.0a0
  - tbb >=2022.3.0
  - libboost >=1.88.0,<1.89.0a0
  - python_abi 3.11.* *_cp311
  license: LicenseRef-Tomorrow-Open-Source-Technology-License-1.0 AND Apache-2.0 AND MIT AND BSD-2-Clause AND BSD-3-Clause AND JSON AND BSL-1.0
  purls:
  - pkg:pypi/usd-core?source=hash-mapping
  size: 31399153
  timestamp: 1764672841949
- conda: https://conda.anaconda.org/conda-forge/osx-arm64/pcre2-10.47-h30297fc_0.conda
  sha256: 5e2e443f796f2fd92adf7978286a525fb768c34e12b1ee9ded4000a41b2894ba
  md5: 9b4190c4055435ca3502070186eba53a
  depends:
  - __osx >=11.0
  - bzip2 >=1.0.8,<2.0a0
  - libzlib >=1.3.1,<2.0a0
  license: BSD-3-Clause
  license_family: BSD
  purls: []
  size: 850231
  timestamp: 1763655726735
- conda: https://conda.anaconda.org/conda-forge/osx-arm64/pixman-0.46.4-h81086ad_1.conda
  sha256: 29c9b08a9b8b7810f9d4f159aecfd205fce051633169040005c0b7efad4bc718
  md5: 17c3d745db6ea72ae2fce17e7338547f
  depends:
  - __osx >=11.0
  - libcxx >=19
  license: MIT
  license_family: MIT
  purls: []
  size: 248045
  timestamp: 1754665282033
- conda: https://conda.anaconda.org/conda-forge/osx-arm64/pybind11-2.11.1-py311he4fd1f5_2.conda
  sha256: 57edd52345c6dc89c0669f36f4b98fb625739a4de3cf43fd4e49fb64b3ed9a48
  md5: a0e9cff865c316a36d9af2e1d19059c3
  depends:
  - libcxx >=15.0.7
  - pybind11-global 2.11.1 py311he4fd1f5_2
  - python >=3.11,<3.12.0a0
  - python >=3.11,<3.12.0a0 *_cpython
  - python_abi 3.11.* *_cp311
  constrains:
  - pybind11-abi ==4
  license: BSD-3-Clause
  license_family: BSD
  purls:
  - pkg:pypi/pybind11?source=hash-mapping
  size: 189165
  timestamp: 1695367530393
- conda: https://conda.anaconda.org/conda-forge/osx-arm64/pybind11-global-2.11.1-py311he4fd1f5_2.conda
  sha256: 16113d1f0226d8d34edfb55843edfc49265108650f687887fcbf2d9125510ccc
  md5: b131d69edb53f1d5b73c1d2bf05a426e
  depends:
  - libcxx >=15.0.7
  - python >=3.11,<3.12.0a0
  - python >=3.11,<3.12.0a0 *_cpython
  - python_abi 3.11.* *_cp311
  constrains:
  - pybind11-abi ==4
  license: BSD-3-Clause
  license_family: BSD
  purls:
  - pkg:pypi/pybind11-global?source=hash-mapping
  size: 172636
  timestamp: 1695367462482
- conda: https://conda.anaconda.org/conda-forge/noarch/pyopengl-3.1.10-pyh534df25_2.conda
  sha256: 0d6496145c2a88eac74650dfe363729af5bfc47f50bcb8820b957037237cfdab
  md5: dae7cd715f93d0e2f12af26dd3777328
  depends:
  - __osx
  - python >=3.10
  license: LicenseRef-pyopengl
  purls:
  - pkg:pypi/pyopengl?source=hash-mapping
  size: 1375109
  timestamp: 1756496518537
- conda: https://conda.anaconda.org/conda-forge/osx-arm64/pyside6-6.10.2-py311he34751c_0.conda
  sha256: a48f30a1ce9e5cb971636439a302df1ad4b1811399c3ce3ad4e3e0b4b6fbd913
  md5: 40065f82c9df1eacb50730354ec8dd2c
  depends:
  - __osx >=11.0
  - libclang13 >=19.1.7
  - libcxx >=19
  - libxml2
  - libxml2-16 >=2.14.6
  - libxslt >=1.1.43,<2.0a0
  - python >=3.11,<3.12.0a0
  - python_abi 3.11.* *_cp311
  - qt6-main 6.10.2.*
  - qt6-main >=6.10.2,<6.11.0a0
  license: LGPL-3.0-only
  purls:
  - pkg:pypi/pyside6?source=hash-mapping
  - pkg:pypi/shiboken6?source=hash-mapping
  size: 11219452
  timestamp: 1770082169207
- conda: https://conda.anaconda.org/conda-forge/osx-arm64/python-3.11.14-h18782d2_3_cpython.conda
  build_number: 3
  sha256: f862d544a455bedfa5d77305f0a42c8e3392956e364f8f92d6ca1c844fb3fbd1
  md5: b8f6a28ffd3c97367d4e58e8793ff47c
  depends:
  - __osx >=11.0
  - bzip2 >=1.0.8,<2.0a0
  - libexpat >=2.7.3,<3.0a0
  - libffi >=3.5.2,<3.6.0a0
  - liblzma >=5.8.2,<6.0a0
  - libsqlite >=3.51.2,<4.0a0
  - libzlib >=1.3.1,<2.0a0
  - ncurses >=6.5,<7.0a0
  - openssl >=3.5.4,<4.0a0
  - readline >=8.3,<9.0a0
  - tk >=8.6.13,<8.7.0a0
  - tzdata
  constrains:
  - python_abi 3.11.* *_cp311
  license: Python-2.0
  purls: []
  size: 13707418
  timestamp: 1769472290774
- conda: https://conda.anaconda.org/conda-forge/noarch/python_abi-3.11-8_cp311.conda
  build_number: 8
  sha256: fddf123692aa4b1fc48f0471e346400d9852d96eeed77dbfdd746fa50a8ff894
  md5: 8fcb6b0e2161850556231336dae58358
  constrains:
  - python 3.11.* *_cpython
  license: BSD-3-Clause
  license_family: BSD
  purls: []
  size: 7003
  timestamp: 1752805919375
- conda: https://conda.anaconda.org/conda-forge/osx-arm64/qt6-main-6.10.2-h9aec236_4.conda
  sha256: b2bca718b31eb0f3a16a9254ef8d6eaae030cf0173e90cf0cfb80e08e7114a29
  md5: 4c78221e73a7ec9c5eebe695a6542714
  depends:
  - __osx >=11.0
  - double-conversion >=3.4.0,<3.5.0a0
  - harfbuzz >=12.3.2
  - icu >=78.2,<79.0a0
  - krb5 >=1.21.3,<1.22.0a0
  - libclang-cpp19.1 >=19.1.7,<19.2.0a0
  - libclang13 >=19.1.7
  - libcxx >=19
  - libglib >=2.86.3,<3.0a0
  - libjpeg-turbo >=3.1.2,<4.0a0
  - libllvm19 >=19.1.7,<19.2.0a0
  - libpng >=1.6.54,<1.7.0a0
  - libpq >=18.1,<19.0a0
  - libsqlite >=3.51.2,<4.0a0
  - libtiff >=4.7.1,<4.8.0a0
  - libwebp-base >=1.6.0,<2.0a0
  - libzlib >=1.3.1,<2.0a0
  - openssl >=3.5.5,<4.0a0
  - pcre2 >=10.47,<10.48.0a0
  - zstd >=1.5.7,<1.6.0a0
  constrains:
  - qt 6.10.2
  license: LGPL-3.0-only
  license_family: LGPL
  purls: []
  size: 45674676
  timestamp: 1769686625551
- conda: https://conda.anaconda.org/conda-forge/osx-arm64/readline-8.3-h46df422_0.conda
  sha256: a77010528efb4b548ac2a4484eaf7e1c3907f2aec86123ed9c5212ae44502477
  md5: f8381319127120ce51e081dce4865cf4
  depends:
  - __osx >=11.0
  - ncurses >=6.5,<7.0a0
  license: GPL-3.0-only
  license_family: GPL
  purls: []
  size: 313930
  timestamp: 1765813902568
- conda: https://conda.anaconda.org/conda-forge/osx-arm64/rhash-1.4.6-h5505292_1.conda
  sha256: f4957c05f4fbcd99577de8838ca4b5b1ae4b400a44be647a0159c14f85b9bfc0
  md5: 029e812c8ae4e0d4cf6ff4f7d8dc9366
  depends:
  - __osx >=11.0
  license: MIT
  license_family: MIT
  purls: []
  size: 185448
  timestamp: 1748645057503
- conda: https://conda.anaconda.org/conda-forge/osx-arm64/tbb-2022.3.0-h4ddebb9_2.conda
  sha256: 54278e6bdf378b92cbec941d29e8f360796dabf72c9ad1f6e2a27ca91a9f804a
  md5: 82395152e3ba2dea9ea6a3dc17553136
  depends:
  - __osx >=11.0
  - libcxx >=19
  - libhwloc >=2.12.2,<2.12.3.0a0
  license: Apache-2.0
  license_family: APACHE
  purls: []
  size: 120040
  timestamp: 1767887181945
- conda: https://conda.anaconda.org/conda-forge/osx-arm64/tbb-devel-2022.3.0-h213eb51_2.conda
  sha256: 90fca113ddb847912b17a3ace08ed6a8019eed220f4f3fe1018b49e6b5b1b0a1
  md5: 6a093b4764e44d617273023499be29f5
  depends:
  - __osx >=11.0
  - libcxx >=19
  - tbb 2022.3.0 h4ddebb9_2
  purls: []
  size: 1114817
  timestamp: 1767887214729
- conda: https://conda.anaconda.org/conda-forge/osx-arm64/tk-8.6.13-h010d191_3.conda
  sha256: 799cab4b6cde62f91f750149995d149bc9db525ec12595e8a1d91b9317f038b3
  md5: a9d86bc62f39b94c4661716624eb21b0
  depends:
  - __osx >=11.0
  - libzlib >=1.3.1,<2.0a0
  license: TCL
  license_family: BSD
  purls: []
  size: 3127137
  timestamp: 1769460817696
- conda: https://conda.anaconda.org/conda-forge/noarch/tzdata-2025c-hc9c84f9_1.conda
  sha256: 1d30098909076af33a35017eed6f2953af1c769e273a0626a04722ac4acaba3c
  md5: ad659d0a2b3e47e38d829aa8cad2d610
  license: LicenseRef-Public-Domain
  purls: []
  size: 119135
  timestamp: 1767016325805
- pypi: ./
  name: usdex
  version: 2.2.0
  sha256: 45c1b1fc17e15ebcb4c91c7a837d0ba2b9fe21df7b4592fe59166542d4adb8a0
- conda: https://conda.anaconda.org/conda-forge/osx-arm64/zstd-1.5.7-hbf9d68e_6.conda
  sha256: 9485ba49e8f47d2b597dd399e88f4802e100851b27c21d7525625b0b4025a5d9
  md5: ab136e4c34e97f34fb621d2592a393d8
  depends:
  - __osx >=11.0
  - libzlib >=1.3.1,<2.0a0
  license: BSD-3-Clause
  license_family: BSD
  purls: []
  size: 433413
  timestamp: 1764777166076
